
Microsoft Visual Studio Solution File, Format Version 12.00
# Visual Studio Version 17
VisualStudioVersion = 17.0.32014.148
MinimumVisualStudioVersion = 10.0.40219.1
Project("{FAE04EC0-301F-11D3-BF4B-00C04F79EFBC}") = "Homework 8.6 Task 1", "Homework 8.6 Task 1\Homework 8.6 Task 1.csproj", "{AF21C93A-9E12-4C5E-A2EE-E6B236361477}"
EndProject
Global
	GlobalSection(SolutionConfigurationPlatforms) = preSolution
		Debug|Any CPU = Debug|Any CPU
		Release|Any CPU = Release|Any CPU
	EndGlobalSection
	GlobalSection(ProjectConfigurationPlatforms) = postSolution
		{AF21C93A-9E12-4C5E-A2EE-E6B236361477}.Debug|Any CPU.ActiveCfg = Debug|Any CPU
		{AF21C93A-9E12-4C5E-A2EE-E6B236361477}.Debug|Any CPU.Build.0 = Debug|Any CPU
		{AF21C93A-9E12-4C5E-A2EE-E6B236361477}.Release|Any CPU.ActiveCfg = Release|Any CPU
		{AF21C93A-9E12-4C5E-A2EE-E6B236361477}.Release|Any CPU.Build.0 = Release|Any CPU
	EndGlobalSection
	GlobalSection(SolutionProperties) = preSolution
		HideSolutionNode = FALSE
	EndGlobalSection
	GlobalSection(ExtensibilityGlobals) = postSolution
		SolutionGuid = {54A80929-9A37-425D-82B6-EEF172A14792}
	EndGlobalSection
EndGlobal
